// !$*UTF8*$!
{
	archiveVersion = 1;
	classes = {
	};
	objectVersion = 56;
	objects = {

/* Begin PBXBuildFile section */
		EC0A65A12BC17DCD00A7D138 /* AppDelegate.swift in Sources */ = {isa = PBXBuildFile; fileRef = EC0A65A02BC17DCD00A7D138 /* AppDelegate.swift */; };
		EC0A65A32BC17DCD00A7D138 /* SceneDelegate.swift in Sources */ = {isa = PBXBuildFile; fileRef = EC0A65A22BC17DCD00A7D138 /* SceneDelegate.swift */; };
		EC0A65A52BC17DCD00A7D138 /* ReminderListViewController.swift in Sources */ = {isa = PBXBuildFile; fileRef = EC0A65A42BC17DCD00A7D138 /* ReminderListViewController.swift */; };
		EC0A65A82BC17DCD00A7D138 /* Main.storyboard in Resources */ = {isa = PBXBuildFile; fileRef = EC0A65A62BC17DCD00A7D138 /* Main.storyboard */; };
		EC0A65AA2BC17DCF00A7D138 /* Assets.xcassets in Resources */ = {isa = PBXBuildFile; fileRef = EC0A65A92BC17DCF00A7D138 /* Assets.xcassets */; };
		EC0A65AD2BC17DCF00A7D138 /* LaunchScreen.storyboard in Resources */ = {isa = PBXBuildFile; fileRef = EC0A65AB2BC17DCF00A7D138 /* LaunchScreen.storyboard */; };
		EC0A65B82BC17DCF00A7D138 /* TodayTests.swift in Sources */ = {isa = PBXBuildFile; fileRef = EC0A65B72BC17DCF00A7D138 /* TodayTests.swift */; };
		EC0A65C22BC17DCF00A7D138 /* TodayUITests.swift in Sources */ = {isa = PBXBuildFile; fileRef = EC0A65C12BC17DCF00A7D138 /* TodayUITests.swift */; };
		EC0A65C42BC17DCF00A7D138 /* TodayUITestsLaunchTests.swift in Sources */ = {isa = PBXBuildFile; fileRef = EC0A65C32BC17DCF00A7D138 /* TodayUITestsLaunchTests.swift */; };
		EC0A65D22BC1800600A7D138 /* Reminder.swift in Sources */ = {isa = PBXBuildFile; fileRef = EC0A65D12BC1800600A7D138 /* Reminder.swift */; };
		EC0A65D42BC65CAB00A7D138 /* Date+Today.swift in Sources */ = {isa = PBXBuildFile; fileRef = EC0A65D32BC65CAB00A7D138 /* Date+Today.swift */; };
		EC0A65D72BC65EB800A7D138 /* ReminderListViewController+DataSource.swift in Sources */ = {isa = PBXBuildFile; fileRef = EC0A65D62BC65EB800A7D138 /* ReminderListViewController+DataSource.swift */; };
		EC0A65D92BC6F95600A7D138 /* ReminderDoneButton.swift in Sources */ = {isa = PBXBuildFile; fileRef = EC0A65D82BC6F95600A7D138 /* ReminderDoneButton.swift */; };
		EC0A65DB2BC6F9F900A7D138 /* ReminderListViewController+Actions.swift in Sources */ = {isa = PBXBuildFile; fileRef = EC0A65DA2BC6F9F900A7D138 /* ReminderListViewController+Actions.swift */; };
		EC0A65DE2BC7AA2400A7D138 /* ReminderViewController.swift in Sources */ = {isa = PBXBuildFile; fileRef = EC0A65DD2BC7AA2400A7D138 /* ReminderViewController.swift */; };
		EC0A65E02BC7B40900A7D138 /* ReminderViewController+Row.swift in Sources */ = {isa = PBXBuildFile; fileRef = EC0A65DF2BC7B40900A7D138 /* ReminderViewController+Row.swift */; };
		EC0A65E22BC7C5DA00A7D138 /* ReminderViewController+Section.swift in Sources */ = {isa = PBXBuildFile; fileRef = EC0A65E12BC7C5DA00A7D138 /* ReminderViewController+Section.swift */; };
		EC0A65E42BC7DDE900A7D138 /* ReminderViewController+CellConfiguration.swift in Sources */ = {isa = PBXBuildFile; fileRef = EC0A65E32BC7DDE900A7D138 /* ReminderViewController+CellConfiguration.swift */; };
		EC0A65E72BC7E28E00A7D138 /* UIView+PinnedSubview.swift in Sources */ = {isa = PBXBuildFile; fileRef = EC0A65E62BC7E28E00A7D138 /* UIView+PinnedSubview.swift */; };
		EC0A65E92BC804B600A7D138 /* TextFieldContentView.swift in Sources */ = {isa = PBXBuildFile; fileRef = EC0A65E82BC804B600A7D138 /* TextFieldContentView.swift */; };
		EC0A65EB2BC811D200A7D138 /* UIContentConfiguration+Stateless.swift in Sources */ = {isa = PBXBuildFile; fileRef = EC0A65EA2BC811D200A7D138 /* UIContentConfiguration+Stateless.swift */; };
		EC0A65ED2BC81FAA00A7D138 /* TextViewContentView.swift in Sources */ = {isa = PBXBuildFile; fileRef = EC0A65EC2BC81FAA00A7D138 /* TextViewContentView.swift */; };
		EC0A65EF2BC829E700A7D138 /* DatePickerContentView.swift in Sources */ = {isa = PBXBuildFile; fileRef = EC0A65EE2BC829E700A7D138 /* DatePickerContentView.swift */; };
		EC0A65F12BC98C6E00A7D138 /* ReminderListStyle.swift in Sources */ = {isa = PBXBuildFile; fileRef = EC0A65F02BC98C6E00A7D138 /* ReminderListStyle.swift */; };
		ECFAB7072BCA2C8600D8A98A /* ProgressHeaderView.swift in Sources */ = {isa = PBXBuildFile; fileRef = ECFAB7062BCA2C8600D8A98A /* ProgressHeaderView.swift */; };
		ECFAB7092BCA4A6D00D8A98A /* CAGradientLayer+ListStyle.swift in Sources */ = {isa = PBXBuildFile; fileRef = ECFAB7082BCA4A6D00D8A98A /* CAGradientLayer+ListStyle.swift */; };
		ECFAB70B2BCA4FED00D8A98A /* TodayError.swift in Sources */ = {isa = PBXBuildFile; fileRef = ECFAB70A2BCA4FED00D8A98A /* TodayError.swift */; };
		ECFAB70D2BCA506100D8A98A /* EKEventStore+AsyncFetch.swift in Sources */ = {isa = PBXBuildFile; fileRef = ECFAB70C2BCA506100D8A98A /* EKEventStore+AsyncFetch.swift */; };
		ECFAB70F2BCA54A900D8A98A /* Reminder+EKReminder.swift in Sources */ = {isa = PBXBuildFile; fileRef = ECFAB70E2BCA54A900D8A98A /* Reminder+EKReminder.swift */; };
		ECFAB7112BCA55B100D8A98A /* ReminderStore.swift in Sources */ = {isa = PBXBuildFile; fileRef = ECFAB7102BCA55B100D8A98A /* ReminderStore.swift */; };
/* End PBXBuildFile section */

/* Begin PBXContainerItemProxy section */
		EC0A65B42BC17DCF00A7D138 /* PBXContainerItemProxy */ = {
			isa = PBXContainerItemProxy;
			containerPortal = EC0A65952BC17DCD00A7D138 /* Project object */;
			proxyType = 1;
			remoteGlobalIDString = EC0A659C2BC17DCD00A7D138;
			remoteInfo = Today;
		};
		EC0A65BE2BC17DCF00A7D138 /* PBXContainerItemProxy */ = {
			isa = PBXContainerItemProxy;
			containerPortal = EC0A65952BC17DCD00A7D138 /* Project object */;
			proxyType = 1;
			remoteGlobalIDString = EC0A659C2BC17DCD00A7D138;
			remoteInfo = Today;
		};
/* End PBXContainerItemProxy section */

/* Begin PBXFileReference section */
		EC0A659D2BC17DCD00A7D138 /* Today.app */ = {isa = PBXFileReference; explicitFileType = wrapper.application; includeInIndex = 0; path = Today.app; sourceTree = BUILT_PRODUCTS_DIR; };
		EC0A65A02BC17DCD00A7D138 /* AppDelegate.swift */ = {isa = PBXFileReference; lastKnownFileType = sourcecode.swift; path = AppDelegate.swift; sourceTree = "<group>"; };
		EC0A65A22BC17DCD00A7D138 /* SceneDelegate.swift */ = {isa = PBXFileReference; lastKnownFileType = sourcecode.swift; path = SceneDelegate.swift; sourceTree = "<group>"; };
		EC0A65A42BC17DCD00A7D138 /* ReminderListViewController.swift */ = {isa = PBXFileReference; lastKnownFileType = sourcecode.swift; path = ReminderListViewController.swift; sourceTree = "<group>"; };
		EC0A65A72BC17DCD00A7D138 /* Base */ = {isa = PBXFileReference; lastKnownFileType = file.storyboard; name = Base; path = Base.lproj/Main.storyboard; sourceTree = "<group>"; };
		EC0A65A92BC17DCF00A7D138 /* Assets.xcassets */ = {isa = PBXFileReference; lastKnownFileType = folder.assetcatalog; path = Assets.xcassets; sourceTree = "<group>"; };
		EC0A65AC2BC17DCF00A7D138 /* Base */ = {isa = PBXFileReference; lastKnownFileType = file.storyboard; name = Base; path = Base.lproj/LaunchScreen.storyboard; sourceTree = "<group>"; };
		EC0A65AE2BC17DCF00A7D138 /* Info.plist */ = {isa = PBXFileReference; lastKnownFileType = text.plist.xml; path = Info.plist; sourceTree = "<group>"; };
		EC0A65B32BC17DCF00A7D138 /* TodayTests.xctest */ = {isa = PBXFileReference; explicitFileType = wrapper.cfbundle; includeInIndex = 0; path = TodayTests.xctest; sourceTree = BUILT_PRODUCTS_DIR; };
		EC0A65B72BC17DCF00A7D138 /* TodayTests.swift */ = {isa = PBXFileReference; lastKnownFileType = sourcecode.swift; path = TodayTests.swift; sourceTree = "<group>"; };
		EC0A65BD2BC17DCF00A7D138 /* TodayUITests.xctest */ = {isa = PBXFileReference; explicitFileType = wrapper.cfbundle; includeInIndex = 0; path = TodayUITests.xctest; sourceTree = BUILT_PRODUCTS_DIR; };
		EC0A65C12BC17DCF00A7D138 /* TodayUITests.swift */ = {isa = PBXFileReference; lastKnownFileType = sourcecode.swift; path = TodayUITests.swift; sourceTree = "<group>"; };
		EC0A65C32BC17DCF00A7D138 /* TodayUITestsLaunchTests.swift */ = {isa = PBXFileReference; lastKnownFileType = sourcecode.swift; path = TodayUITestsLaunchTests.swift; sourceTree = "<group>"; };
		EC0A65D12BC1800600A7D138 /* Reminder.swift */ = {isa = PBXFileReference; lastKnownFileType = sourcecode.swift; path = Reminder.swift; sourceTree = "<group>"; };
		EC0A65D32BC65CAB00A7D138 /* Date+Today.swift */ = {isa = PBXFileReference; lastKnownFileType = sourcecode.swift; path = "Date+Today.swift"; sourceTree = "<group>"; };
		EC0A65D62BC65EB800A7D138 /* ReminderListViewController+DataSource.swift */ = {isa = PBXFileReference; lastKnownFileType = sourcecode.swift; path = "ReminderListViewController+DataSource.swift"; sourceTree = "<group>"; };
		EC0A65D82BC6F95600A7D138 /* ReminderDoneButton.swift */ = {isa = PBXFileReference; lastKnownFileType = sourcecode.swift; path = ReminderDoneButton.swift; sourceTree = "<group>"; };
		EC0A65DA2BC6F9F900A7D138 /* ReminderListViewController+Actions.swift */ = {isa = PBXFileReference; lastKnownFileType = sourcecode.swift; path = "ReminderListViewController+Actions.swift"; sourceTree = "<group>"; };
		EC0A65DD2BC7AA2400A7D138 /* ReminderViewController.swift */ = {isa = PBXFileReference; lastKnownFileType = sourcecode.swift; path = ReminderViewController.swift; sourceTree = "<group>"; };
		EC0A65DF2BC7B40900A7D138 /* ReminderViewController+Row.swift */ = {isa = PBXFileReference; lastKnownFileType = sourcecode.swift; path = "ReminderViewController+Row.swift"; sourceTree = "<group>"; };
		EC0A65E12BC7C5DA00A7D138 /* ReminderViewController+Section.swift */ = {isa = PBXFileReference; lastKnownFileType = sourcecode.swift; path = "ReminderViewController+Section.swift"; sourceTree = "<group>"; };
		EC0A65E32BC7DDE900A7D138 /* ReminderViewController+CellConfiguration.swift */ = {isa = PBXFileReference; lastKnownFileType = sourcecode.swift; path = "ReminderViewController+CellConfiguration.swift"; sourceTree = "<group>"; };
		EC0A65E62BC7E28E00A7D138 /* UIView+PinnedSubview.swift */ = {isa = PBXFileReference; lastKnownFileType = sourcecode.swift; path = "UIView+PinnedSubview.swift"; sourceTree = "<group>"; };
		EC0A65E82BC804B600A7D138 /* TextFieldContentView.swift */ = {isa = PBXFileReference; lastKnownFileType = sourcecode.swift; path = TextFieldContentView.swift; sourceTree = "<group>"; };
		EC0A65EA2BC811D200A7D138 /* UIContentConfiguration+Stateless.swift */ = {isa = PBXFileReference; lastKnownFileType = sourcecode.swift; path = "UIContentConfiguration+Stateless.swift"; sourceTree = "<group>"; };
		EC0A65EC2BC81FAA00A7D138 /* TextViewContentView.swift */ = {isa = PBXFileReference; lastKnownFileType = sourcecode.swift; path = TextViewContentView.swift; sourceTree = "<group>"; };
		EC0A65EE2BC829E700A7D138 /* DatePickerContentView.swift */ = {isa = PBXFileReference; lastKnownFileType = sourcecode.swift; path = DatePickerContentView.swift; sourceTree = "<group>"; };
		EC0A65F02BC98C6E00A7D138 /* ReminderListStyle.swift */ = {isa = PBXFileReference; lastKnownFileType = sourcecode.swift; path = ReminderListStyle.swift; sourceTree = "<group>"; };
		ECFAB7062BCA2C8600D8A98A /* ProgressHeaderView.swift */ = {isa = PBXFileReference; lastKnownFileType = sourcecode.swift; path = ProgressHeaderView.swift; sourceTree = "<group>"; };
		ECFAB7082BCA4A6D00D8A98A /* CAGradientLayer+ListStyle.swift */ = {isa = PBXFileReference; lastKnownFileType = sourcecode.swift; path = "CAGradientLayer+ListStyle.swift"; sourceTree = "<group>"; };
		ECFAB70A2BCA4FED00D8A98A /* TodayError.swift */ = {isa = PBXFileReference; lastKnownFileType = sourcecode.swift; path = TodayError.swift; sourceTree = "<group>"; };
		ECFAB70C2BCA506100D8A98A /* EKEventStore+AsyncFetch.swift */ = {isa = PBXFileReference; lastKnownFileType = sourcecode.swift; path = "EKEventStore+AsyncFetch.swift"; sourceTree = "<group>"; };
		ECFAB70E2BCA54A900D8A98A /* Reminder+EKReminder.swift */ = {isa = PBXFileReference; lastKnownFileType = sourcecode.swift; path = "Reminder+EKReminder.swift"; sourceTree = "<group>"; };
		ECFAB7102BCA55B100D8A98A /* ReminderStore.swift */ = {isa = PBXFileReference; lastKnownFileType = sourcecode.swift; path = ReminderStore.swift; sourceTree = "<group>"; };
/* End PBXFileReference section */

/* Begin PBXFrameworksBuildPhase section */
		EC0A659A2BC17DCD00A7D138 /* Frameworks */ = {
			isa = PBXFrameworksBuildPhase;
			buildActionMask = 2147483647;
			files = (
			);
			runOnlyForDeploymentPostprocessing = 0;
		};
		EC0A65B02BC17DCF00A7D138 /* Frameworks */ = {
			isa = PBXFrameworksBuildPhase;
			buildActionMask = 2147483647;
			files = (
			);
			runOnlyForDeploymentPostprocessing = 0;
		};
		EC0A65BA2BC17DCF00A7D138 /* Frameworks */ = {
			isa = PBXFrameworksBuildPhase;
			buildActionMask = 2147483647;
			files = (
			);
			runOnlyForDeploymentPostprocessing = 0;
		};
/* End PBXFrameworksBuildPhase section */

/* Begin PBXGroup section */
		EC0A65942BC17DCD00A7D138 = {
			isa = PBXGroup;
			children = (
				EC0A659F2BC17DCD00A7D138 /* Today */,
				EC0A65B62BC17DCF00A7D138 /* TodayTests */,
				EC0A65C02BC17DCF00A7D138 /* TodayUITests */,
				EC0A659E2BC17DCD00A7D138 /* Products */,
			);
			sourceTree = "<group>";
		};
		EC0A659E2BC17DCD00A7D138 /* Products */ = {
			isa = PBXGroup;
			children = (
				EC0A659D2BC17DCD00A7D138 /* Today.app */,
				EC0A65B32BC17DCF00A7D138 /* TodayTests.xctest */,
				EC0A65BD2BC17DCF00A7D138 /* TodayUITests.xctest */,
			);
			name = Products;
			sourceTree = "<group>";
		};
		EC0A659F2BC17DCD00A7D138 /* Today */ = {
			isa = PBXGroup;
			children = (
				EC0A65E52BC7E24E00A7D138 /* ContentViews */,
				EC0A65DC2BC7AA1000A7D138 /* DetailViewController */,
				EC0A65D52BC65E9700A7D138 /* ListViewController */,
				EC0A65D02BC17F9E00A7D138 /* Models */,
				EC0A65A02BC17DCD00A7D138 /* AppDelegate.swift */,
				EC0A65A22BC17DCD00A7D138 /* SceneDelegate.swift */,
				EC0A65A62BC17DCD00A7D138 /* Main.storyboard */,
				EC0A65A92BC17DCF00A7D138 /* Assets.xcassets */,
				EC0A65AB2BC17DCF00A7D138 /* LaunchScreen.storyboard */,
				EC0A65AE2BC17DCF00A7D138 /* Info.plist */,
			);
			path = Today;
			sourceTree = "<group>";
		};
		EC0A65B62BC17DCF00A7D138 /* TodayTests */ = {
			isa = PBXGroup;
			children = (
				EC0A65B72BC17DCF00A7D138 /* TodayTests.swift */,
			);
			path = TodayTests;
			sourceTree = "<group>";
		};
		EC0A65C02BC17DCF00A7D138 /* TodayUITests */ = {
			isa = PBXGroup;
			children = (
				EC0A65C12BC17DCF00A7D138 /* TodayUITests.swift */,
				EC0A65C32BC17DCF00A7D138 /* TodayUITestsLaunchTests.swift */,
			);
			path = TodayUITests;
			sourceTree = "<group>";
		};
		EC0A65D02BC17F9E00A7D138 /* Models */ = {
			isa = PBXGroup;
			children = (
				EC0A65D12BC1800600A7D138 /* Reminder.swift */,
				EC0A65D32BC65CAB00A7D138 /* Date+Today.swift */,
				EC0A65F02BC98C6E00A7D138 /* ReminderListStyle.swift */,
				ECFAB7082BCA4A6D00D8A98A /* CAGradientLayer+ListStyle.swift */,
				ECFAB70A2BCA4FED00D8A98A /* TodayError.swift */,
				ECFAB70C2BCA506100D8A98A /* EKEventStore+AsyncFetch.swift */,
				ECFAB70E2BCA54A900D8A98A /* Reminder+EKReminder.swift */,
				ECFAB7102BCA55B100D8A98A /* ReminderStore.swift */,
			);
			path = Models;
			sourceTree = "<group>";
		};
		EC0A65D52BC65E9700A7D138 /* ListViewController */ = {
			isa = PBXGroup;
			children = (
				EC0A65A42BC17DCD00A7D138 /* ReminderListViewController.swift */,
				EC0A65D62BC65EB800A7D138 /* ReminderListViewController+DataSource.swift */,
				EC0A65D82BC6F95600A7D138 /* ReminderDoneButton.swift */,
				EC0A65DA2BC6F9F900A7D138 /* ReminderListViewController+Actions.swift */,
				ECFAB7062BCA2C8600D8A98A /* ProgressHeaderView.swift */,
			);
			path = ListViewController;
			sourceTree = "<group>";
		};
		EC0A65DC2BC7AA1000A7D138 /* DetailViewController */ = {
			isa = PBXGroup;
			children = (
				EC0A65DD2BC7AA2400A7D138 /* ReminderViewController.swift */,
				EC0A65DF2BC7B40900A7D138 /* ReminderViewController+Row.swift */,
				EC0A65E12BC7C5DA00A7D138 /* ReminderViewController+Section.swift */,
				EC0A65E32BC7DDE900A7D138 /* ReminderViewController+CellConfiguration.swift */,
			);
			path = DetailViewController;
			sourceTree = "<group>";
		};
		EC0A65E52BC7E24E00A7D138 /* ContentViews */ = {
			isa = PBXGroup;
			children = (
				EC0A65E62BC7E28E00A7D138 /* UIView+PinnedSubview.swift */,
				EC0A65E82BC804B600A7D138 /* TextFieldContentView.swift */,
				EC0A65EA2BC811D200A7D138 /* UIContentConfiguration+Stateless.swift */,
				EC0A65EC2BC81FAA00A7D138 /* TextViewContentView.swift */,
				EC0A65EE2BC829E700A7D138 /* DatePickerContentView.swift */,
			);
			path = ContentViews;
			sourceTree = "<group>";
		};
/* End PBXGroup section */

/* Begin PBXNativeTarget section */
		EC0A659C2BC17DCD00A7D138 /* Today */ = {
			isa = PBXNativeTarget;
			buildConfigurationList = EC0A65C72BC17DCF00A7D138 /* Build configuration list for PBXNativeTarget "Today" */;
			buildPhases = (
				EC0A65992BC17DCD00A7D138 /* Sources */,
				EC0A659A2BC17DCD00A7D138 /* Frameworks */,
				EC0A659B2BC17DCD00A7D138 /* Resources */,
			);
			buildRules = (
			);
			dependencies = (
			);
			name = Today;
			productName = Today;
			productReference = EC0A659D2BC17DCD00A7D138 /* Today.app */;
			productType = "com.apple.product-type.application";
		};
		EC0A65B22BC17DCF00A7D138 /* TodayTests */ = {
			isa = PBXNativeTarget;
			buildConfigurationList = EC0A65CA2BC17DCF00A7D138 /* Build configuration list for PBXNativeTarget "TodayTests" */;
			buildPhases = (
				EC0A65AF2BC17DCF00A7D138 /* Sources */,
				EC0A65B02BC17DCF00A7D138 /* Frameworks */,
				EC0A65B12BC17DCF00A7D138 /* Resources */,
			);
			buildRules = (
			);
			dependencies = (
				EC0A65B52BC17DCF00A7D138 /* PBXTargetDependency */,
			);
			name = TodayTests;
			productName = TodayTests;
			productReference = EC0A65B32BC17DCF00A7D138 /* TodayTests.xctest */;
			productType = "com.apple.product-type.bundle.unit-test";
		};
		EC0A65BC2BC17DCF00A7D138 /* TodayUITests */ = {
			isa = PBXNativeTarget;
			buildConfigurationList = EC0A65CD2BC17DCF00A7D138 /* Build configuration list for PBXNativeTarget "TodayUITests" */;
			buildPhases = (
				EC0A65B92BC17DCF00A7D138 /* Sources */,
				EC0A65BA2BC17DCF00A7D138 /* Frameworks */,
				EC0A65BB2BC17DCF00A7D138 /* Resources */,
			);
			buildRules = (
			);
			dependencies = (
				EC0A65BF2BC17DCF00A7D138 /* PBXTargetDependency */,
			);
			name = TodayUITests;
			productName = TodayUITests;
			productReference = EC0A65BD2BC17DCF00A7D138 /* TodayUITests.xctest */;
			productType = "com.apple.product-type.bundle.ui-testing";
		};
/* End PBXNativeTarget section */

/* Begin PBXProject section */
		EC0A65952BC17DCD00A7D138 /* Project object */ = {
			isa = PBXProject;
			attributes = {
				BuildIndependentTargetsInParallel = 1;
				LastSwiftUpdateCheck = 1510;
				LastUpgradeCheck = 1510;
				TargetAttributes = {
					EC0A659C2BC17DCD00A7D138 = {
						CreatedOnToolsVersion = 15.1;
					};
					EC0A65B22BC17DCF00A7D138 = {
						CreatedOnToolsVersion = 15.1;
						TestTargetID = EC0A659C2BC17DCD00A7D138;
					};
					EC0A65BC2BC17DCF00A7D138 = {
						CreatedOnToolsVersion = 15.1;
						TestTargetID = EC0A659C2BC17DCD00A7D138;
					};
				};
			};
			buildConfigurationList = EC0A65982BC17DCD00A7D138 /* Build configuration list for PBXProject "Today" */;
			compatibilityVersion = "Xcode 14.0";
			developmentRegion = en;
			hasScannedForEncodings = 0;
			knownRegions = (
				en,
				Base,
			);
			mainGroup = EC0A65942BC17DCD00A7D138;
			productRefGroup = EC0A659E2BC17DCD00A7D138 /* Products */;
			projectDirPath = "";
			projectRoot = "";
			targets = (
				EC0A659C2BC17DCD00A7D138 /* Today */,
				EC0A65B22BC17DCF00A7D138 /* TodayTests */,
				EC0A65BC2BC17DCF00A7D138 /* TodayUITests */,
			);
		};
/* End PBXProject section */

/* Begin PBXResourcesBuildPhase section */
		EC0A659B2BC17DCD00A7D138 /* Resources */ = {
			isa = PBXResourcesBuildPhase;
			buildActionMask = 2147483647;
			files = (
				EC0A65AD2BC17DCF00A7D138 /* LaunchScreen.storyboard in Resources */,
				EC0A65AA2BC17DCF00A7D138 /* Assets.xcassets in Resources */,
				EC0A65A82BC17DCD00A7D138 /* Main.storyboard in Resources */,
			);
			runOnlyForDeploymentPostprocessing = 0;
		};
		EC0A65B12BC17DCF00A7D138 /* Resources */ = {
			isa = PBXResourcesBuildPhase;
			buildActionMask = 2147483647;
			files = (
			);
			runOnlyForDeploymentPostprocessing = 0;
		};
		EC0A65BB2BC17DCF00A7D138 /* Resources */ = {
			isa = PBXResourcesBuildPhase;
			buildActionMask = 2147483647;
			files = (
			);
			runOnlyForDeploymentPostprocessing = 0;
		};
/* End PBXResourcesBuildPhase section */

/* Begin PBXSourcesBuildPhase section */
		EC0A65992BC17DCD00A7D138 /* Sources */ = {
			isa = PBXSourcesBuildPhase;
			buildActionMask = 2147483647;
			files = (
				EC0A65DB2BC6F9F900A7D138 /* ReminderListViewController+Actions.swift in Sources */,
				EC0A65EF2BC829E700A7D138 /* DatePickerContentView.swift in Sources */,
				EC0A65A52BC17DCD00A7D138 /* ReminderListViewController.swift in Sources */,
				EC0A65D42BC65CAB00A7D138 /* Date+Today.swift in Sources */,
				EC0A65A12BC17DCD00A7D138 /* AppDelegate.swift in Sources */,
				ECFAB7072BCA2C8600D8A98A /* ProgressHeaderView.swift in Sources */,
				EC0A65E22BC7C5DA00A7D138 /* ReminderViewController+Section.swift in Sources */,
				EC0A65EB2BC811D200A7D138 /* UIContentConfiguration+Stateless.swift in Sources */,
				EC0A65E42BC7DDE900A7D138 /* ReminderViewController+CellConfiguration.swift in Sources */,
				ECFAB7112BCA55B100D8A98A /* ReminderStore.swift in Sources */,
				ECFAB70B2BCA4FED00D8A98A /* TodayError.swift in Sources */,
				ECFAB70F2BCA54A900D8A98A /* Reminder+EKReminder.swift in Sources */,
				EC0A65A32BC17DCD00A7D138 /* SceneDelegate.swift in Sources */,
				EC0A65F12BC98C6E00A7D138 /* ReminderListStyle.swift in Sources */,
				EC0A65DE2BC7AA2400A7D138 /* ReminderViewController.swift in Sources */,
				EC0A65E72BC7E28E00A7D138 /* UIView+PinnedSubview.swift in Sources */,
				ECFAB7092BCA4A6D00D8A98A /* CAGradientLayer+ListStyle.swift in Sources */,
				EC0A65ED2BC81FAA00A7D138 /* TextViewContentView.swift in Sources */,
				ECFAB70D2BCA506100D8A98A /* EKEventStore+AsyncFetch.swift in Sources */,
				EC0A65E02BC7B40900A7D138 /* ReminderViewController+Row.swift in Sources */,
				EC0A65D22BC1800600A7D138 /* Reminder.swift in Sources */,
				EC0A65D92BC6F95600A7D138 /* ReminderDoneButton.swift in Sources */,
				EC0A65E92BC804B600A7D138 /* TextFieldContentView.swift in Sources */,
				EC0A65D72BC65EB800A7D138 /* ReminderListViewController+DataSource.swift in Sources */,
			);
			runOnlyForDeploymentPostprocessing = 0;
		};
		EC0A65AF2BC17DCF00A7D138 /* Sources */ = {
			isa = PBXSourcesBuildPhase;
			buildActionMask = 2147483647;
			files = (
				EC0A65B82BC17DCF00A7D138 /* TodayTests.swift in Sources */,
			);
			runOnlyForDeploymentPostprocessing = 0;
		};
		EC0A65B92BC17DCF00A7D138 /* Sources */ = {
			isa = PBXSourcesBuildPhase;
			buildActionMask = 2147483647;
			files = (
				EC0A65C42BC17DCF00A7D138 /* TodayUITestsLaunchTests.swift in Sources */,
				EC0A65C22BC17DCF00A7D138 /* TodayUITests.swift in Sources */,
			);
			runOnlyForDeploymentPostprocessing = 0;
		};
/* End PBXSourcesBuildPhase section */

/* Begin PBXTargetDependency section */
		EC0A65B52BC17DCF00A7D138 /* PBXTargetDependency */ = {
			isa = PBXTargetDependency;
			target = EC0A659C2BC17DCD00A7D138 /* Today */;
			targetProxy = EC0A65B42BC17DCF00A7D138 /* PBXContainerItemProxy */;
		};
		EC0A65BF2BC17DCF00A7D138 /* PBXTargetDependency */ = {
			isa = PBXTargetDependency;
			target = EC0A659C2BC17DCD00A7D138 /* Today */;
			targetProxy = EC0A65BE2BC17DCF00A7D138 /* PBXContainerItemProxy */;
		};
/* End PBXTargetDependency section */

/* Begin PBXVariantGroup section */
		EC0A65A62BC17DCD00A7D138 /* Main.storyboard */ = {
			isa = PBXVariantGroup;
			children = (
				EC0A65A72BC17DCD00A7D138 /* Base */,
			);
			name = Main.storyboard;
			sourceTree = "<group>";
		};
		EC0A65AB2BC17DCF00A7D138 /* LaunchScreen.storyboard */ = {
			isa = PBXVariantGroup;
			children = (
				EC0A65AC2BC17DCF00A7D138 /* Base */,
			);
			name = LaunchScreen.storyboard;
			sourceTree = "<group>";
		};
/* End PBXVariantGroup section */

/* Begin XCBuildConfiguration section */
		EC0A65C52BC17DCF00A7D138 /* Debug */ = {
			isa = XCBuildConfiguration;
			buildSettings = {
				ALWAYS_SEARCH_USER_PATHS = NO;
				ASSETCATALOG_COMPILER_GENERATE_SWIFT_ASSET_SYMBOL_EXTENSIONS = YES;
				CLANG_ANALYZER_NONNULL = YES;
				CLANG_ANALYZER_NUMBER_OBJECT_CONVERSION = YES_AGGRESSIVE;
				CLANG_CXX_LANGUAGE_STANDARD = "gnu++20";
				CLANG_ENABLE_MODULES = YES;
				CLANG_ENABLE_OBJC_ARC = YES;
				CLANG_ENABLE_OBJC_WEAK = YES;
				CLANG_WARN_BLOCK_CAPTURE_AUTORELEASING = YES;
				CLANG_WARN_BOOL_CONVERSION = YES;
				CLANG_WARN_COMMA = YES;
				CLANG_WARN_CONSTANT_CONVERSION = YES;
				CLANG_WARN_DEPRECATED_OBJC_IMPLEMENTATIONS = YES;
				CLANG_WARN_DIRECT_OBJC_ISA_USAGE = YES_ERROR;
				CLANG_WARN_DOCUMENTATION_COMMENTS = YES;
				CLANG_WARN_EMPTY_BODY = YES;
				CLANG_WARN_ENUM_CONVERSION = YES;
				CLANG_WARN_INFINITE_RECURSION = YES;
				CLANG_WARN_INT_CONVERSION = YES;
				CLANG_WARN_NON_LITERAL_NULL_CONVERSION = YES;
				CLANG_WARN_OBJC_IMPLICIT_RETAIN_SELF = YES;
				CLANG_WARN_OBJC_LITERAL_CONVERSION = YES;
				CLANG_WARN_OBJC_ROOT_CLASS = YES_ERROR;
				CLANG_WARN_QUOTED_INCLUDE_IN_FRAMEWORK_HEADER = YES;
				CLANG_WARN_RANGE_LOOP_ANALYSIS = YES;
				CLANG_WARN_STRICT_PROTOTYPES = YES;
				CLANG_WARN_SUSPICIOUS_MOVE = YES;
				CLANG_WARN_UNGUARDED_AVAILABILITY = YES_AGGRESSIVE;
				CLANG_WARN_UNREACHABLE_CODE = YES;
				CLANG_WARN__DUPLICATE_METHOD_MATCH = YES;
				COPY_PHASE_STRIP = NO;
				DEBUG_INFORMATION_FORMAT = dwarf;
				ENABLE_STRICT_OBJC_MSGSEND = YES;
				ENABLE_TESTABILITY = YES;
				ENABLE_USER_SCRIPT_SANDBOXING = YES;
				GCC_C_LANGUAGE_STANDARD = gnu17;
				GCC_DYNAMIC_NO_PIC = NO;
				GCC_NO_COMMON_BLOCKS = YES;
				GCC_OPTIMIZATION_LEVEL = 0;
				GCC_PREPROCESSOR_DEFINITIONS = (
					"DEBUG=1",
					"$(inherited)",
				);
				GCC_WARN_64_TO_32_BIT_CONVERSION = YES;
				GCC_WARN_ABOUT_RETURN_TYPE = YES_ERROR;
				GCC_WARN_UNDECLARED_SELECTOR = YES;
				GCC_WARN_UNINITIALIZED_AUTOS = YES_AGGRESSIVE;
				GCC_WARN_UNUSED_FUNCTION = YES;
				GCC_WARN_UNUSED_VARIABLE = YES;
				IPHONEOS_DEPLOYMENT_TARGET = 17.2;
				LOCALIZATION_PREFERS_STRING_CATALOGS = YES;
				MTL_ENABLE_DEBUG_INFO = INCLUDE_SOURCE;
				MTL_FAST_MATH = YES;
				ONLY_ACTIVE_ARCH = YES;
				SDKROOT = iphoneos;
				SWIFT_ACTIVE_COMPILATION_CONDITIONS = "DEBUG $(inherited)";
				SWIFT_OPTIMIZATION_LEVEL = "-Onone";
			};
			name = Debug;
		};
		EC0A65C62BC17DCF00A7D138 /* Release */ = {
			isa = XCBuildConfiguration;
			buildSettings = {
				ALWAYS_SEARCH_USER_PATHS = NO;
				ASSETCATALOG_COMPILER_GENERATE_SWIFT_ASSET_SYMBOL_EXTENSIONS = YES;
				CLANG_ANALYZER_NONNULL = YES;
				CLANG_ANALYZER_NUMBER_OBJECT_CONVERSION = YES_AGGRESSIVE;
				CLANG_CXX_LANGUAGE_STANDARD = "gnu++20";
				CLANG_ENABLE_MODULES = YES;
				CLANG_ENABLE_OBJC_ARC = YES;
				CLANG_ENABLE_OBJC_WEAK = YES;
				CLANG_WARN_BLOCK_CAPTURE_AUTORELEASING = YES;
				CLANG_WARN_BOOL_CONVERSION = YES;
				CLANG_WARN_COMMA = YES;
				CLANG_WARN_CONSTANT_CONVERSION = YES;
				CLANG_WARN_DEPRECATED_OBJC_IMPLEMENTATIONS = YES;
				CLANG_WARN_DIRECT_OBJC_ISA_USAGE = YES_ERROR;
				CLANG_WARN_DOCUMENTATION_COMMENTS = YES;
				CLANG_WARN_EMPTY_BODY = YES;
				CLANG_WARN_ENUM_CONVERSION = YES;
				CLANG_WARN_INFINITE_RECURSION = YES;
				CLANG_WARN_INT_CONVERSION = YES;
				CLANG_WARN_NON_LITERAL_NULL_CONVERSION = YES;
				CLANG_WARN_OBJC_IMPLICIT_RETAIN_SELF = YES;
				CLANG_WARN_OBJC_LITERAL_CONVERSION = YES;
				CLANG_WARN_OBJC_ROOT_CLASS = YES_ERROR;
				CLANG_WARN_QUOTED_INCLUDE_IN_FRAMEWORK_HEADER = YES;
				CLANG_WARN_RANGE_LOOP_ANALYSIS = YES;
				CLANG_WARN_STRICT_PROTOTYPES = YES;
				CLANG_WARN_SUSPICIOUS_MOVE = YES;
				CLANG_WARN_UNGUARDED_AVAILABILITY = YES_AGGRESSIVE;
				CLANG_WARN_UNREACHABLE_CODE = YES;
				CLANG_WARN__DUPLICATE_METHOD_MATCH = YES;
				COPY_PHASE_STRIP = NO;
				DEBUG_INFORMATION_FORMAT = "dwarf-with-dsym";
				ENABLE_NS_ASSERTIONS = NO;
				ENABLE_STRICT_OBJC_MSGSEND = YES;
				ENABLE_USER_SCRIPT_SANDBOXING = YES;
				GCC_C_LANGUAGE_STANDARD = gnu17;
				GCC_NO_COMMON_BLOCKS = YES;
				GCC_WARN_64_TO_32_BIT_CONVERSION = YES;
				GCC_WARN_ABOUT_RETURN_TYPE = YES_ERROR;
				GCC_WARN_UNDECLARED_SELECTOR = YES;
				GCC_WARN_UNINITIALIZED_AUTOS = YES_AGGRESSIVE;
				GCC_WARN_UNUSED_FUNCTION = YES;
				GCC_WARN_UNUSED_VARIABLE = YES;
				IPHONEOS_DEPLOYMENT_TARGET = 17.2;
				LOCALIZATION_PREFERS_STRING_CATALOGS = YES;
				MTL_ENABLE_DEBUG_INFO = NO;
				MTL_FAST_MATH = YES;
				SDKROOT = iphoneos;
				SWIFT_COMPILATION_MODE = wholemodule;
				VALIDATE_PRODUCT = YES;
			};
			name = Release;
		};
		EC0A65C82BC17DCF00A7D138 /* Debug */ = {
			isa = XCBuildConfiguration;
			buildSettings = {
				ASSETCATALOG_COMPILER_APPICON_NAME = AppIcon;
				ASSETCATALOG_COMPILER_GLOBAL_ACCENT_COLOR_NAME = AccentColor;
				CODE_SIGN_STYLE = Automatic;
				CURRENT_PROJECT_VERSION = 1;
				DEVELOPMENT_TEAM = 786RCQ7DWX;
				GENERATE_INFOPLIST_FILE = YES;
				INFOPLIST_FILE = Today/Info.plist;
				INFOPLIST_KEY_NSRemindersUsageDescription = "Your reminders can help you stay on track.";
				INFOPLIST_KEY_UIApplicationSupportsIndirectInputEvents = YES;
				INFOPLIST_KEY_UILaunchStoryboardName = LaunchScreen;
				INFOPLIST_KEY_UIMainStoryboardFile = Main;
				INFOPLIST_KEY_UISupportedInterfaceOrientations_iPad = "UIInterfaceOrientationPortrait UIInterfaceOrientationPortraitUpsideDown UIInterfaceOrientationLandscapeLeft UIInterfaceOrientationLandscapeRight";
				INFOPLIST_KEY_UISupportedInterfaceOrientations_iPhone = "UIInterfaceOrientationPortrait UIInterfaceOrientationLandscapeLeft UIInterfaceOrientationLandscapeRight";
				LD_RUNPATH_SEARCH_PATHS = (
					"$(inherited)",
					"@executable_path/Frameworks",
				);
				MARKETING_VERSION = 1.0;
				PRODUCT_BUNDLE_IDENTIFIER = wuchao.Today;
				PRODUCT_NAME = "$(TARGET_NAME)";
				SWIFT_EMIT_LOC_STRINGS = YES;
				SWIFT_VERSION = 5.0;
				TARGETED_DEVICE_FAMILY = "1,2";
			};
			name = Debug;
		};
		EC0A65C92BC17DCF00A7D138 /* Release */ = {
			isa = XCBuildConfiguration;
			buildSettings = {
				ASSETCATALOG_COMPILER_APPICON_NAME = AppIcon;
				ASSETCATALOG_COMPILER_GLOBAL_ACCENT_COLOR_NAME = AccentColor;
				CODE_SIGN_STYLE = Automatic;
				CURRENT_PROJECT_VERSION = 1;
				DEVELOPMENT_TEAM = 786RCQ7DWX;
				GENERATE_INFOPLIST_FILE = YES;
				INFOPLIST_FILE = Today/Info.plist;
				INFOPLIST_KEY_NSRemindersUsageDescription = "Your reminders can help you stay on track.";
				INFOPLIST_KEY_UIApplicationSupportsIndirectInputEvents = YES;
				INFOPLIST_KEY_UILaunchStoryboardName = LaunchScreen;
				INFOPLIST_KEY_UIMainStoryboardFile = Main;
				INFOPLIST_KEY_UISupportedInterfaceOrientations_iPad = "UIInterfaceOrientationPortrait UIInterfaceOrientationPortraitUpsideDown UIInterfaceOrientationLandscapeLeft UIInterfaceOrientationLandscapeRight";
				INFOPLIST_KEY_UISupportedInterfaceOrientations_iPhone = "UIInterfaceOrientationPortrait UIInterfaceOrientationLandscapeLeft UIInterfaceOrientationLandscapeRight";
				LD_RUNPATH_SEARCH_PATHS = (
					"$(inherited)",
					"@executable_path/Frameworks",
				);
				MARKETING_VERSION = 1.0;
				PRODUCT_BUNDLE_IDENTIFIER = wuchao.Today;
				PRODUCT_NAME = "$(TARGET_NAME)";
				SWIFT_EMIT_LOC_STRINGS = YES;
				SWIFT_VERSION = 5.0;
				TARGETED_DEVICE_FAMILY = "1,2";
			};
			name = Release;
		};
		EC0A65CB2BC17DCF00A7D138 /* Debug */ = {
			isa = XCBuildConfiguration;
			buildSettings = {
				ALWAYS_EMBED_SWIFT_STANDARD_LIBRARIES = YES;
				BUNDLE_LOADER = "$(TEST_HOST)";
				CODE_SIGN_STYLE = Automatic;
				CURRENT_PROJECT_VERSION = 1;
				DEVELOPMENT_TEAM = 786RCQ7DWX;
				GENERATE_INFOPLIST_FILE = YES;
				IPHONEOS_DEPLOYMENT_TARGET = 17.2;
				MARKETING_VERSION = 1.0;
				PRODUCT_BUNDLE_IDENTIFIER = wuchao.TodayTests;
				PRODUCT_NAME = "$(TARGET_NAME)";
				SWIFT_EMIT_LOC_STRINGS = NO;
				SWIFT_VERSION = 5.0;
				TARGETED_DEVICE_FAMILY = "1,2";
				TEST_HOST = "$(BUILT_PRODUCTS_DIR)/Today.app/$(BUNDLE_EXECUTABLE_FOLDER_PATH)/Today";
			};
			name = Debug;
		};
		EC0A65CC2BC17DCF00A7D138 /* Release */ = {
			isa = XCBuildConfiguration;
			buildSettings = {
				ALWAYS_EMBED_SWIFT_STANDARD_LIBRARIES = YES;
				BUNDLE_LOADER = "$(TEST_HOST)";
				CODE_SIGN_STYLE = Automatic;
				CURRENT_PROJECT_VERSION = 1;
				DEVELOPMENT_TEAM = 786RCQ7DWX;
				GENERATE_INFOPLIST_FILE = YES;
				IPHONEOS_DEPLOYMENT_TARGET = 17.2;
				MARKETING_VERSION = 1.0;
				PRODUCT_BUNDLE_IDENTIFIER = wuchao.TodayTests;
				PRODUCT_NAME = "$(TARGET_NAME)";
				SWIFT_EMIT_LOC_STRINGS = NO;
				SWIFT_VERSION = 5.0;
				TARGETED_DEVICE_FAMILY = "1,2";
				TEST_HOST = "$(BUILT_PRODUCTS_DIR)/Today.app/$(BUNDLE_EXECUTABLE_FOLDER_PATH)/Today";
			};
			name = Release;
		};
		EC0A65CE2BC17DCF00A7D138 /* Debug */ = {
			isa = XCBuildConfiguration;
			buildSettings = {
				ALWAYS_EMBED_SWIFT_STANDARD_LIBRARIES = YES;
				CODE_SIGN_STYLE = Automatic;
				CURRENT_PROJECT_VERSION = 1;
				DEVELOPMENT_TEAM = 786RCQ7DWX;
				GENERATE_INFOPLIST_FILE = YES;
				MARKETING_VERSION = 1.0;
				PRODUCT_BUNDLE_IDENTIFIER = wuchao.TodayUITests;
				PRODUCT_NAME = "$(TARGET_NAME)";
				SWIFT_EMIT_LOC_STRINGS = NO;
				SWIFT_VERSION = 5.0;
				TARGETED_DEVICE_FAMILY = "1,2";
				TEST_TARGET_NAME = Today;
			};
			name = Debug;
		};
		EC0A65CF2BC17DCF00A7D138 /* Release */ = {
			isa = XCBuildConfiguration;
			buildSettings = {
				ALWAYS_EMBED_SWIFT_STANDARD_LIBRARIES = YES;
				CODE_SIGN_STYLE = Automatic;
				CURRENT_PROJECT_VERSION = 1;
				DEVELOPMENT_TEAM = 786RCQ7DWX;
				GENERATE_INFOPLIST_FILE = YES;
				MARKETING_VERSION = 1.0;
				PRODUCT_BUNDLE_IDENTIFIER = wuchao.TodayUITests;
				PRODUCT_NAME = "$(TARGET_NAME)";
				SWIFT_EMIT_LOC_STRINGS = NO;
				SWIFT_VERSION = 5.0;
				TARGETED_DEVICE_FAMILY = "1,2";
				TEST_TARGET_NAME = Today;
			};
			name = Release;
		};
/* End XCBuildConfiguration section */

/* Begin XCConfigurationList section */
		EC0A65982BC17DCD00A7D138 /* Build configuration list for PBXProject "Today" */ = {
			isa = XCConfigurationList;
			buildConfigurations = (
				EC0A65C52BC17DCF00A7D138 /* Debug */,
				EC0A65C62BC17DCF00A7D138 /* Release */,
			);
			defaultConfigurationIsVisible = 0;
			defaultConfigurationName = Release;
		};
		EC0A65C72BC17DCF00A7D138 /* Build configuration list for PBXNativeTarget "Today" */ = {
			isa = XCConfigurationList;
			buildConfigurations = (
				EC0A65C82BC17DCF00A7D138 /* Debug */,
				EC0A65C92BC17DCF00A7D138 /* Release */,
			);
			defaultConfigurationIsVisible = 0;
			defaultConfigurationName = Release;
		};
		EC0A65CA2BC17DCF00A7D138 /* Build configuration list for PBXNativeTarget "TodayTests" */ = {
			isa = XCConfigurationList;
			buildConfigurations = (
				EC0A65CB2BC17DCF00A7D138 /* Debug */,
				EC0A65CC2BC17DCF00A7D138 /* Release */,
			);
			defaultConfigurationIsVisible = 0;
			defaultConfigurationName = Release;
		};
		EC0A65CD2BC17DCF00A7D138 /* Build configuration list for PBXNativeTarget "TodayUITests" */ = {
			isa = XCConfigurationList;
			buildConfigurations = (
				EC0A65CE2BC17DCF00A7D138 /* Debug */,
				EC0A65CF2BC17DCF00A7D138 /* Release */,
			);
			defaultConfigurationIsVisible = 0;
			defaultConfigurationName = Release;
		};
/* End XCConfigurationList section */
	};
	rootObject = EC0A65952BC17DCD00A7D138 /* Project object */;
}
